// !$*UTF8*$!
{
	archiveVersion = 1;
	classes = {
	};
	objectVersion = 46;
	objects = {

/* Begin PBXBuildFile section */
		824679D61A1426F700520C43 /* libopencv_core.2.4.10.dylib in Frameworks */ = {isa = PBXBuildFile; fileRef = 824679D41A1426F700520C43 /* libopencv_core.2.4.10.dylib */; };
		824679D71A1426F700520C43 /* libopencv_highgui.2.4.10.dylib in Frameworks */ = {isa = PBXBuildFile; fileRef = 824679D51A1426F700520C43 /* libopencv_highgui.2.4.10.dylib */; };
		824679D91A145B9B00520C43 /* libopencv_objdetect.2.4.10.dylib in Frameworks */ = {isa = PBXBuildFile; fileRef = 824679D81A145B9B00520C43 /* libopencv_objdetect.2.4.10.dylib */; };
		829C9C231A16B099008D84AC /* libopencv_imgproc.2.4.10.dylib in Frameworks */ = {isa = PBXBuildFile; fileRef = 829C9C221A16B099008D84AC /* libopencv_imgproc.2.4.10.dylib */; };
		82FED93E1A355F0800A48B9B /* application.cpp in Sources */ = {isa = PBXBuildFile; fileRef = 82FED93D1A355F0800A48B9B /* application.cpp */; };
/* End PBXBuildFile section */

/* Begin PBXCopyFilesBuildPhase section */
		824679C51A14237B00520C43 /* CopyFiles */ = {
			isa = PBXCopyFilesBuildPhase;
			buildActionMask = 2147483647;
			dstPath = /usr/share/man/man1/;
			dstSubfolderSpec = 0;
			files = (
			);
			runOnlyForDeploymentPostprocessing = 1;
		};
/* End PBXCopyFilesBuildPhase section */

/* Begin PBXFileReference section */
		824679C71A14237B00520C43 /* handSeg */ = {isa = PBXFileReference; explicitFileType = "compiled.mach-o.executable"; includeInIndex = 0; path = handSeg; sourceTree = BUILT_PRODUCTS_DIR; };
		824679D41A1426F700520C43 /* libopencv_core.2.4.10.dylib */ = {isa = PBXFileReference; lastKnownFileType = "compiled.mach-o.dylib"; path = libopencv_core.2.4.10.dylib; sourceTree = "<group>"; };
		824679D51A1426F700520C43 /* libopencv_highgui.2.4.10.dylib */ = {isa = PBXFileReference; lastKnownFileType = "compiled.mach-o.dylib"; path = libopencv_highgui.2.4.10.dylib; sourceTree = "<group>"; };
		824679D81A145B9B00520C43 /* libopencv_objdetect.2.4.10.dylib */ = {isa = PBXFileReference; lastKnownFileType = "compiled.mach-o.dylib"; path = libopencv_objdetect.2.4.10.dylib; sourceTree = "<group>"; };
		827571FC1A27C0F000391542 /* visionTest.sh */ = {isa = PBXFileReference; lastKnownFileType = text.script.sh; path = visionTest.sh; sourceTree = "<group>"; };
		829C9C221A16B099008D84AC /* libopencv_imgproc.2.4.10.dylib */ = {isa = PBXFileReference; lastKnownFileType = "compiled.mach-o.dylib"; path = libopencv_imgproc.2.4.10.dylib; sourceTree = "<group>"; };
		82F5C1871A351CB400F23800 /* visionTrain.sh */ = {isa = PBXFileReference; lastKnownFileType = text.script.sh; path = visionTrain.sh; sourceTree = "<group>"; };
		82FED93D1A355F0800A48B9B /* application.cpp */ = {isa = PBXFileReference; fileEncoding = 4; lastKnownFileType = sourcecode.cpp.cpp; path = application.cpp; sourceTree = "<group>"; };
		82FED93F1A3571EC00A48B9B /* testPara.txt */ = {isa = PBXFileReference; lastKnownFileType = text; path = testPara.txt; sourceTree = "<group>"; };
/* End PBXFileReference section */

/* Begin PBXFrameworksBuildPhase section */
		824679C41A14237B00520C43 /* Frameworks */ = {
			isa = PBXFrameworksBuildPhase;
			buildActionMask = 2147483647;
			files = (
				824679D61A1426F700520C43 /* libopencv_core.2.4.10.dylib in Frameworks */,
				824679D91A145B9B00520C43 /* libopencv_objdetect.2.4.10.dylib in Frameworks */,
				824679D71A1426F700520C43 /* libopencv_highgui.2.4.10.dylib in Frameworks */,
				829C9C231A16B099008D84AC /* libopencv_imgproc.2.4.10.dylib in Frameworks */,
			);
			runOnlyForDeploymentPostprocessing = 0;
		};
/* End PBXFrameworksBuildPhase section */

/* Begin PBXGroup section */
		824679BE1A14237B00520C43 = {
			isa = PBXGroup;
			children = (
				829C9C221A16B099008D84AC /* libopencv_imgproc.2.4.10.dylib */,
				824679D81A145B9B00520C43 /* libopencv_objdetect.2.4.10.dylib */,
				824679D41A1426F700520C43 /* libopencv_core.2.4.10.dylib */,
				824679D51A1426F700520C43 /* libopencv_highgui.2.4.10.dylib */,
				824679C91A14237B00520C43 /* handSeg */,
				824679C81A14237B00520C43 /* Products */,
			);
			sourceTree = "<group>";
		};
		824679C81A14237B00520C43 /* Products */ = {
			isa = PBXGroup;
			children = (
				824679C71A14237B00520C43 /* handSeg */,
			);
			name = Products;
			sourceTree = "<group>";
		};
		824679C91A14237B00520C43 /* handSeg */ = {
			isa = PBXGroup;
			children = (
				82FED93F1A3571EC00A48B9B /* testPara.txt */,
				82FED93D1A355F0800A48B9B /* application.cpp */,
				82F5C1871A351CB400F23800 /* visionTrain.sh */,
				827571FC1A27C0F000391542 /* visionTest.sh */,
			);
			path = handSeg;
			sourceTree = "<group>";
		};
/* End PBXGroup section */

/* Begin PBXNativeTarget section */
		824679C61A14237B00520C43 /* handSeg */ = {
			isa = PBXNativeTarget;
			buildConfigurationList = 824679D01A14237C00520C43 /* Build configuration list for PBXNativeTarget "handSeg" */;
			buildPhases = (
				824679C31A14237B00520C43 /* Sources */,
				824679C41A14237B00520C43 /* Frameworks */,
				824679C51A14237B00520C43 /* CopyFiles */,
			);
			buildRules = (
			);
			dependencies = (
			);
			name = handSeg;
			productName = handSeg;
			productReference = 824679C71A14237B00520C43 /* handSeg */;
			productType = "com.apple.product-type.tool";
		};
/* End PBXNativeTarget section */

/* Begin PBXProject section */
		824679BF1A14237B00520C43 /* Project object */ = {
			isa = PBXProject;
			attributes = {
				LastUpgradeCheck = 0510;
				ORGANIZATIONNAME = "___FULLUSERNAME___";
			};
			buildConfigurationList = 824679C21A14237B00520C43 /* Build configuration list for PBXProject "handSeg" */;
			compatibilityVersion = "Xcode 3.2";
			developmentRegion = English;
			hasScannedForEncodings = 0;
			knownRegions = (
				en,
			);
			mainGroup = 824679BE1A14237B00520C43;
			productRefGroup = 824679C81A14237B00520C43 /* Products */;
			projectDirPath = "";
			projectRoot = "";
			targets = (
				824679C61A14237B00520C43 /* handSeg */,
			);
		};
/* End PBXProject section */

/* Begin PBXSourcesBuildPhase section */
		824679C31A14237B00520C43 /* Sources */ = {
			isa = PBXSourcesBuildPhase;
			buildActionMask = 2147483647;
			files = (
				82FED93E1A355F0800A48B9B /* application.cpp in Sources */,
			);
			runOnlyForDeploymentPostprocessing = 0;
		};
/* End PBXSourcesBuildPhase section */

/* Begin XCBuildConfiguration section */
		824679CE1A14237C00520C43 /* Debug */ = {
			isa = XCBuildConfiguration;
			buildSettings = {
				ALWAYS_SEARCH_USER_PATHS = NO;
				CLANG_CXX_LANGUAGE_STANDARD = "gnu++0x";
				CLANG_CXX_LIBRARY = "libc++";
				CLANG_ENABLE_MODULES = YES;
				CLANG_ENABLE_OBJC_ARC = YES;
				CLANG_WARN_BOOL_CONVERSION = YES;
				CLANG_WARN_CONSTANT_CONVERSION = YES;
				CLANG_WARN_DIRECT_OBJC_ISA_USAGE = YES_ERROR;
				CLANG_WARN_EMPTY_BODY = YES;
				CLANG_WARN_ENUM_CONVERSION = YES;
				CLANG_WARN_INT_CONVERSION = YES;
				CLANG_WARN_OBJC_ROOT_CLASS = YES_ERROR;
				CLANG_WARN__DUPLICATE_METHOD_MATCH = YES;
				COPY_PHASE_STRIP = NO;
				GCC_C_LANGUAGE_STANDARD = gnu99;
				GCC_DYNAMIC_NO_PIC = NO;
				GCC_ENABLE_OBJC_EXCEPTIONS = YES;
				GCC_OPTIMIZATION_LEVEL = 0;
				GCC_PREPROCESSOR_DEFINITIONS = (
					"DEBUG=1",
					"$(inherited)",
				);
				GCC_SYMBOLS_PRIVATE_EXTERN = NO;
				GCC_WARN_64_TO_32_BIT_CONVERSION = YES;
				GCC_WARN_ABOUT_RETURN_TYPE = YES_ERROR;
				GCC_WARN_UNDECLARED_SELECTOR = YES;
				GCC_WARN_UNINITIALIZED_AUTOS = YES_AGGRESSIVE;
				GCC_WARN_UNUSED_FUNCTION = YES;
				GCC_WARN_UNUSED_VARIABLE = YES;
				MACOSX_DEPLOYMENT_TARGET = 10.9;
				ONLY_ACTIVE_ARCH = YES;
				SDKROOT = macosx;
			};
			name = Debug;
		};
		824679CF1A14237C00520C43 /* Release */ = {
			isa = XCBuildConfiguration;
			buildSettings = {
				ALWAYS_SEARCH_USER_PATHS = NO;
				CLANG_CXX_LANGUAGE_STANDARD = "gnu++0x";
				CLANG_CXX_LIBRARY = "libc++";
				CLANG_ENABLE_MODULES = YES;
				CLANG_ENABLE_OBJC_ARC = YES;
				CLANG_WARN_BOOL_CONVERSION = YES;
				CLANG_WARN_CONSTANT_CONVERSION = YES;
				CLANG_WARN_DIRECT_OBJC_ISA_USAGE = YES_ERROR;
				CLANG_WARN_EMPTY_BODY = YES;
				CLANG_WARN_ENUM_CONVERSION = YES;
				CLANG_WARN_INT_CONVERSION = YES;
				CLANG_WARN_OBJC_ROOT_CLASS = YES_ERROR;
				CLANG_WARN__DUPLICATE_METHOD_MATCH = YES;
				COPY_PHASE_STRIP = YES;
				DEBUG_INFORMATION_FORMAT = "dwarf-with-dsym";
				ENABLE_NS_ASSERTIONS = NO;
				GCC_C_LANGUAGE_STANDARD = gnu99;
				GCC_ENABLE_OBJC_EXCEPTIONS = YES;
				GCC_WARN_64_TO_32_BIT_CONVERSION = YES;
				GCC_WARN_ABOUT_RETURN_TYPE = YES_ERROR;
				GCC_WARN_UNDECLARED_SELECTOR = YES;
				GCC_WARN_UNINITIALIZED_AUTOS = YES_AGGRESSIVE;
				GCC_WARN_UNUSED_FUNCTION = YES;
				GCC_WARN_UNUSED_VARIABLE = YES;
				MACOSX_DEPLOYMENT_TARGET = 10.9;
				SDKROOT = macosx;
			};
			name = Release;
		};
		824679D11A14237C00520C43 /* Debug */ = {
			isa = XCBuildConfiguration;
			buildSettings = {
				HEADER_SEARCH_PATHS = /opt/local/include;
				"HEADER_SEARCH_PATHS[arch=*]" = /opt/local/include;
				LIBRARY_SEARCH_PATHS = (
					"$(inherited)",
					"$(PROJECT_DIR)",
				);
				"LIBRARY_SEARCH_PATHS[arch=*]" = /opt/local/lib;
				PRODUCT_NAME = "$(TARGET_NAME)";
			};
			name = Debug;
		};
		824679D21A14237C00520C43 /* Release */ = {
			isa = XCBuildConfiguration;
			buildSettings = {
				HEADER_SEARCH_PATHS = /opt/local/include;
				"HEADER_SEARCH_PATHS[arch=*]" = /opt/local/include;
				LIBRARY_SEARCH_PATHS = (
					"$(inherited)",
					"$(PROJECT_DIR)",
				);
				"LIBRARY_SEARCH_PATHS[arch=*]" = /opt/local/lib;
				PRODUCT_NAME = "$(TARGET_NAME)";
			};
			name = Release;
		};
/* End XCBuildConfiguration section */

/* Begin XCConfigurationList section */
		824679C21A14237B00520C43 /* Build configuration list for PBXProject "handSeg" */ = {
			isa = XCConfigurationList;
			buildConfigurations = (
				824679CE1A14237C00520C43 /* Debug */,
				824679CF1A14237C00520C43 /* Release */,
			);
			defaultConfigurationIsVisible = 0;
			defaultConfigurationName = Release;
		};
		824679D01A14237C00520C43 /* Build configuration list for PBXNativeTarget "handSeg" */ = {
			isa = XCConfigurationList;
			buildConfigurations = (
				824679D11A14237C00520C43 /* Debug */,
				824679D21A14237C00520C43 /* Release */,
			);
			defaultConfigurationIsVisible = 0;
			defaultConfigurationName = Release;
		};
/* End XCConfigurationList section */
	};
	rootObject = 824679BF1A14237B00520C43 /* Project object */;
}
